
Microsoft Visual Studio Solution File, Format Version 12.00
# Visual Studio 15
VisualStudioVersion = 15.0.26730.16
MinimumVisualStudioVersion = 10.0.40219.1
Project("{FAE04EC0-301F-11D3-BF4B-00C04F79EFBC}") = "webBancoMVC", "webBancoMVC\webBancoMVC.csproj", "{BFC26209-4A67-47C6-AFC9-75611D9C01BE}"
EndProject
Global
	GlobalSection(SolutionConfigurationPlatforms) = preSolution
		Debug|Any CPU = Debug|Any CPU
		Release|Any CPU = Release|Any CPU
	EndGlobalSection
	GlobalSection(ProjectConfigurationPlatforms) = postSolution
		{BFC26209-4A67-47C6-AFC9-75611D9C01BE}.Debug|Any CPU.ActiveCfg = Debug|Any CPU
		{BFC26209-4A67-47C6-AFC9-75611D9C01BE}.Debug|Any CPU.Build.0 = Debug|Any CPU
		{BFC26209-4A67-47C6-AFC9-75611D9C01BE}.Release|Any CPU.ActiveCfg = Release|Any CPU
		{BFC26209-4A67-47C6-AFC9-75611D9C01BE}.Release|Any CPU.Build.0 = Release|Any CPU
	EndGlobalSection
	GlobalSection(SolutionProperties) = preSolution
		HideSolutionNode = FALSE
	EndGlobalSection
	GlobalSection(ExtensibilityGlobals) = postSolution
		SolutionGuid = {3B055E1B-F4D3-4092-A699-E1CB2D1BDDFA}
	EndGlobalSection
EndGlobal
